
Microsoft Visual Studio Solution File, Format Version 12.00
# Visual Studio 15
VisualStudioVersion = 15.0.28307.168
MinimumVisualStudioVersion = 10.0.40219.1
Project("{9A19103F-16F7-4668-BE54-9A1E7A4F7556}") = "Cobalt.Tests", "Cobalt.Tests\Cobalt.Tests.csproj", "{7CD00787-8E43-443D-8776-706AE9AD8423}"
EndProject
Project("{FAE04EC0-301F-11D3-BF4B-00C04F79EFBC}") = "Cobalt.Engine", "Cobalt.Engine\Cobalt.Engine.csproj", "{3483623D-83A9-43DF-87EC-6F7E620C30B3}"
EndProject
Project("{FAE04EC0-301F-11D3-BF4B-00C04F79EFBC}") = "Cobalt", "Cobalt\Cobalt.csproj", "{CECE7FC7-D633-404F-96F8-14C72EAA4196}"
EndProject
Project("{FAE04EC0-301F-11D3-BF4B-00C04F79EFBC}") = "Cobalt.Common.UI", "Cobalt.Common.UI\Cobalt.Common.UI.csproj", "{E5120D8E-EDC0-41AD-86DA-8700361C7A3C}"
EndProject
Project("{FAE04EC0-301F-11D3-BF4B-00C04F79EFBC}") = "Cobalt.Common.Data", "Cobalt.Common.Data\Cobalt.Common.Data.csproj", "{22A0BE6D-9E51-466E-B743-96882B9B3100}"
EndProject
Project("{FAE04EC0-301F-11D3-BF4B-00C04F79EFBC}") = "Cobalt.Common.Util", "Cobalt.Common.Util\Cobalt.Common.Util.csproj", "{0DFA1B01-A516-4282-B850-C1CF8354A006}"
EndProject
Project("{FAE04EC0-301F-11D3-BF4B-00C04F79EFBC}") = "Cobalt.Common.IoC", "Cobalt.Common.IoC\Cobalt.Common.IoC.csproj", "{601E6C5B-CC4E-4B5B-9349-08A5E48FF8CF}"
EndProject
Project("{FAE04EC0-301F-11D3-BF4B-00C04F79EFBC}") = "Cobalt.Common.Transmission", "Cobalt.Common.Transmission\Cobalt.Common.Transmission.csproj", "{2E51859B-090A-4711-9A87-6121F4E215CB}"
EndProject
Project("{FAE04EC0-301F-11D3-BF4B-00C04F79EFBC}") = "Cobalt.Common.Services", "Cobalt.Common.Services\Cobalt.Common.Services.csproj", "{1C0B05FC-0AA4-4982-A5C5-62DFFAE1E3DC}"
EndProject
Project("{FAE04EC0-301F-11D3-BF4B-00C04F79EFBC}") = "Cobalt.Alerts", "Cobalt.Alerts\Cobalt.Alerts.csproj", "{1B5EA046-5982-4EA1-B0A4-641CC8AA66C4}"
EndProject
Global
	GlobalSection(SolutionConfigurationPlatforms) = preSolution
		Debug|Any CPU = Debug|Any CPU
		Release|Any CPU = Release|Any CPU
	EndGlobalSection
	GlobalSection(ProjectConfigurationPlatforms) = postSolution
		{7CD00787-8E43-443D-8776-706AE9AD8423}.Debug|Any CPU.ActiveCfg = Debug|Any CPU
		{7CD00787-8E43-443D-8776-706AE9AD8423}.Debug|Any CPU.Build.0 = Debug|Any CPU
		{7CD00787-8E43-443D-8776-706AE9AD8423}.Release|Any CPU.ActiveCfg = Release|Any CPU
		{7CD00787-8E43-443D-8776-706AE9AD8423}.Release|Any CPU.Build.0 = Release|Any CPU
		{3483623D-83A9-43DF-87EC-6F7E620C30B3}.Debug|Any CPU.ActiveCfg = Debug|Any CPU
		{3483623D-83A9-43DF-87EC-6F7E620C30B3}.Debug|Any CPU.Build.0 = Debug|Any CPU
		{3483623D-83A9-43DF-87EC-6F7E620C30B3}.Release|Any CPU.ActiveCfg = Release|Any CPU
		{3483623D-83A9-43DF-87EC-6F7E620C30B3}.Release|Any CPU.Build.0 = Release|Any CPU
		{CECE7FC7-D633-404F-96F8-14C72EAA4196}.Debug|Any CPU.ActiveCfg = Debug|Any CPU
		{CECE7FC7-D633-404F-96F8-14C72EAA4196}.Debug|Any CPU.Build.0 = Debug|Any CPU
		{CECE7FC7-D633-404F-96F8-14C72EAA4196}.Release|Any CPU.ActiveCfg = Release|Any CPU
		{CECE7FC7-D633-404F-96F8-14C72EAA4196}.Release|Any CPU.Build.0 = Release|Any CPU
		{E5120D8E-EDC0-41AD-86DA-8700361C7A3C}.Debug|Any CPU.ActiveCfg = Debug|Any CPU
		{E5120D8E-EDC0-41AD-86DA-8700361C7A3C}.Debug|Any CPU.Build.0 = Debug|Any CPU
		{E5120D8E-EDC0-41AD-86DA-8700361C7A3C}.Release|Any CPU.ActiveCfg = Release|Any CPU
		{E5120D8E-EDC0-41AD-86DA-8700361C7A3C}.Release|Any CPU.Build.0 = Release|Any CPU
		{22A0BE6D-9E51-466E-B743-96882B9B3100}.Debug|Any CPU.ActiveCfg = Debug|Any CPU
		{22A0BE6D-9E51-466E-B743-96882B9B3100}.Debug|Any CPU.Build.0 = Debug|Any CPU
		{22A0BE6D-9E51-466E-B743-96882B9B3100}.Release|Any CPU.ActiveCfg = Release|Any CPU
		{22A0BE6D-9E51-466E-B743-96882B9B3100}.Release|Any CPU.Build.0 = Release|Any CPU
		{0DFA1B01-A516-4282-B850-C1CF8354A006}.Debug|Any CPU.ActiveCfg = Debug|Any CPU
		{0DFA1B01-A516-4282-B850-C1CF8354A006}.Debug|Any CPU.Build.0 = Debug|Any CPU
		{0DFA1B01-A516-4282-B850-C1CF8354A006}.Release|Any CPU.ActiveCfg = Release|Any CPU
		{0DFA1B01-A516-4282-B850-C1CF8354A006}.Release|Any CPU.Build.0 = Release|Any CPU
		{601E6C5B-CC4E-4B5B-9349-08A5E48FF8CF}.Debug|Any CPU.ActiveCfg = Debug|Any CPU
		{601E6C5B-CC4E-4B5B-9349-08A5E48FF8CF}.Debug|Any CPU.Build.0 = Debug|Any CPU
		{601E6C5B-CC4E-4B5B-9349-08A5E48FF8CF}.Release|Any CPU.ActiveCfg = Release|Any CPU
		{601E6C5B-CC4E-4B5B-9349-08A5E48FF8CF}.Release|Any CPU.Build.0 = Release|Any CPU
		{2E51859B-090A-4711-9A87-6121F4E215CB}.Debug|Any CPU.ActiveCfg = Debug|Any CPU
		{2E51859B-090A-4711-9A87-6121F4E215CB}.Debug|Any CPU.Build.0 = Debug|Any CPU
		{2E51859B-090A-4711-9A87-6121F4E215CB}.Release|Any CPU.ActiveCfg = Release|Any CPU
		{2E51859B-090A-4711-9A87-6121F4E215CB}.Release|Any CPU.Build.0 = Release|Any CPU
		{1C0B05FC-0AA4-4982-A5C5-62DFFAE1E3DC}.Debug|Any CPU.ActiveCfg = Debug|Any CPU
		{1C0B05FC-0AA4-4982-A5C5-62DFFAE1E3DC}.Debug|Any CPU.Build.0 = Debug|Any CPU
		{1C0B05FC-0AA4-4982-A5C5-62DFFAE1E3DC}.Release|Any CPU.ActiveCfg = Release|Any CPU
		{1C0B05FC-0AA4-4982-A5C5-62DFFAE1E3DC}.Release|Any CPU.Build.0 = Release|Any CPU
		{1B5EA046-5982-4EA1-B0A4-641CC8AA66C4}.Debug|Any CPU.ActiveCfg = Debug|Any CPU
		{1B5EA046-5982-4EA1-B0A4-641CC8AA66C4}.Debug|Any CPU.Build.0 = Debug|Any CPU
		{1B5EA046-5982-4EA1-B0A4-641CC8AA66C4}.Release|Any CPU.ActiveCfg = Release|Any CPU
		{1B5EA046-5982-4EA1-B0A4-641CC8AA66C4}.Release|Any CPU.Build.0 = Release|Any CPU
	EndGlobalSection
	GlobalSection(SolutionProperties) = preSolution
		HideSolutionNode = FALSE
	EndGlobalSection
	GlobalSection(ExtensibilityGlobals) = postSolution
		SolutionGuid = {EA8F572B-9ADA-45AF-AE4A-758A89E3A424}
	EndGlobalSection
EndGlobal
