
Microsoft Visual Studio Solution File, Format Version 12.00
# Visual Studio Version 16
VisualStudioVersion = 16.0.29306.81
MinimumVisualStudioVersion = 10.0.40219.1
Project("{9A19103F-16F7-4668-BE54-9A1E7A4F7556}") = "Cobalt.Tests.Benchmarks", "tests\Cobalt.Tests.Benchmarks\Cobalt.Tests.Benchmarks.csproj", "{318754C8-6B45-4BD5-B4C9-2EE37FD2A7B1}"
EndProject
Project("{6EC3EE1D-3C4E-46DD-8F32-0CC8E7565705}") = "Cobalt.Tests", "tests\Cobalt.Tests\Cobalt.Tests.fsproj", "{6764D261-5654-4085-B5CF-52A539A0200E}"
EndProject
Project("{9A19103F-16F7-4668-BE54-9A1E7A4F7556}") = "Cobalt.Common.Utils", "src\Cobalt.Common.Utils\Cobalt.Common.Utils.csproj", "{E3005AA7-26D9-4318-B22C-DA1434866FF6}"
EndProject
Project("{9A19103F-16F7-4668-BE54-9A1E7A4F7556}") = "Cobalt.Common.Infrastructure", "src\Cobalt.Common.Infrastructure\Cobalt.Common.Infrastructure.csproj", "{230282C3-3471-4397-9565-B4FE04E79DFD}"
EndProject
Project("{9A19103F-16F7-4668-BE54-9A1E7A4F7556}") = "Cobalt.Common.Communication", "src\Cobalt.Common.Communication\Cobalt.Common.Communication.csproj", "{7338ACF1-5A72-4A23-987F-0E571620FCB8}"
EndProject
Project("{6EC3EE1D-3C4E-46DD-8F32-0CC8E7565705}") = "Cobalt.Common.Data", "src\Cobalt.Common.Data\Cobalt.Common.Data.fsproj", "{5ADF2D4E-382A-4047-9DBC-2E84B2BEBF41}"
EndProject
Project("{9A19103F-16F7-4668-BE54-9A1E7A4F7556}") = "Cobalt.Common.ViewModels", "src\Cobalt.Common.ViewModels\Cobalt.Common.ViewModels.csproj", "{AD54A014-9C10-4B8C-8812-38B7096C9F6C}"
EndProject
Project("{2150E333-8FDC-42A3-9474-1A3956D46DE8}") = "Solution Items", "Solution Items", "{B6AB252C-643A-409D-9D50-D506C951FEBB}"
	ProjectSection(SolutionItems) = preProject
		FodyWeavers.xml = FodyWeavers.xml
	EndProjectSection
EndProject
Project("{9A19103F-16F7-4668-BE54-9A1E7A4F7556}") = "Cobalt.Tray", "src\Cobalt.Tray\Cobalt.Tray.csproj", "{AE5B1699-95D2-4EC3-B475-F7F6FB065860}"
EndProject
Project("{9A19103F-16F7-4668-BE54-9A1E7A4F7556}") = "Cobalt.Common.Views", "src\Cobalt.Common.Views\Cobalt.Common.Views.csproj", "{1C94A539-F2C1-4F60-93B1-4512769019EA}"
EndProject
Project("{FAE04EC0-301F-11D3-BF4B-00C04F79EFBC}") = "Cobalt.Common.Native", "src\Cobalt.Common.Native\Cobalt.Common.Native.csproj", "{E8D05B98-B805-4A63-B681-B9CA7021431A}"
EndProject
Global
	GlobalSection(SolutionConfigurationPlatforms) = preSolution
		Debug|Any CPU = Debug|Any CPU
		Release|Any CPU = Release|Any CPU
	EndGlobalSection
	GlobalSection(ProjectConfigurationPlatforms) = postSolution
		{318754C8-6B45-4BD5-B4C9-2EE37FD2A7B1}.Debug|Any CPU.ActiveCfg = Debug|Any CPU
		{318754C8-6B45-4BD5-B4C9-2EE37FD2A7B1}.Debug|Any CPU.Build.0 = Debug|Any CPU
		{318754C8-6B45-4BD5-B4C9-2EE37FD2A7B1}.Release|Any CPU.ActiveCfg = Release|Any CPU
		{318754C8-6B45-4BD5-B4C9-2EE37FD2A7B1}.Release|Any CPU.Build.0 = Release|Any CPU
		{6764D261-5654-4085-B5CF-52A539A0200E}.Debug|Any CPU.ActiveCfg = Debug|Any CPU
		{6764D261-5654-4085-B5CF-52A539A0200E}.Debug|Any CPU.Build.0 = Debug|Any CPU
		{6764D261-5654-4085-B5CF-52A539A0200E}.Release|Any CPU.ActiveCfg = Release|Any CPU
		{6764D261-5654-4085-B5CF-52A539A0200E}.Release|Any CPU.Build.0 = Release|Any CPU
		{E3005AA7-26D9-4318-B22C-DA1434866FF6}.Debug|Any CPU.ActiveCfg = Debug|Any CPU
		{E3005AA7-26D9-4318-B22C-DA1434866FF6}.Debug|Any CPU.Build.0 = Debug|Any CPU
		{E3005AA7-26D9-4318-B22C-DA1434866FF6}.Release|Any CPU.ActiveCfg = Release|Any CPU
		{E3005AA7-26D9-4318-B22C-DA1434866FF6}.Release|Any CPU.Build.0 = Release|Any CPU
		{230282C3-3471-4397-9565-B4FE04E79DFD}.Debug|Any CPU.ActiveCfg = Debug|Any CPU
		{230282C3-3471-4397-9565-B4FE04E79DFD}.Debug|Any CPU.Build.0 = Debug|Any CPU
		{230282C3-3471-4397-9565-B4FE04E79DFD}.Release|Any CPU.ActiveCfg = Release|Any CPU
		{230282C3-3471-4397-9565-B4FE04E79DFD}.Release|Any CPU.Build.0 = Release|Any CPU
		{7338ACF1-5A72-4A23-987F-0E571620FCB8}.Debug|Any CPU.ActiveCfg = Debug|Any CPU
		{7338ACF1-5A72-4A23-987F-0E571620FCB8}.Debug|Any CPU.Build.0 = Debug|Any CPU
		{7338ACF1-5A72-4A23-987F-0E571620FCB8}.Release|Any CPU.ActiveCfg = Release|Any CPU
		{7338ACF1-5A72-4A23-987F-0E571620FCB8}.Release|Any CPU.Build.0 = Release|Any CPU
		{5ADF2D4E-382A-4047-9DBC-2E84B2BEBF41}.Debug|Any CPU.ActiveCfg = Debug|Any CPU
		{5ADF2D4E-382A-4047-9DBC-2E84B2BEBF41}.Debug|Any CPU.Build.0 = Debug|Any CPU
		{5ADF2D4E-382A-4047-9DBC-2E84B2BEBF41}.Release|Any CPU.ActiveCfg = Release|Any CPU
		{5ADF2D4E-382A-4047-9DBC-2E84B2BEBF41}.Release|Any CPU.Build.0 = Release|Any CPU
		{AD54A014-9C10-4B8C-8812-38B7096C9F6C}.Debug|Any CPU.ActiveCfg = Debug|Any CPU
		{AD54A014-9C10-4B8C-8812-38B7096C9F6C}.Debug|Any CPU.Build.0 = Debug|Any CPU
		{AD54A014-9C10-4B8C-8812-38B7096C9F6C}.Release|Any CPU.ActiveCfg = Release|Any CPU
		{AD54A014-9C10-4B8C-8812-38B7096C9F6C}.Release|Any CPU.Build.0 = Release|Any CPU
		{AE5B1699-95D2-4EC3-B475-F7F6FB065860}.Debug|Any CPU.ActiveCfg = Debug|Any CPU
		{AE5B1699-95D2-4EC3-B475-F7F6FB065860}.Debug|Any CPU.Build.0 = Debug|Any CPU
		{AE5B1699-95D2-4EC3-B475-F7F6FB065860}.Release|Any CPU.ActiveCfg = Release|Any CPU
		{AE5B1699-95D2-4EC3-B475-F7F6FB065860}.Release|Any CPU.Build.0 = Release|Any CPU
		{1C94A539-F2C1-4F60-93B1-4512769019EA}.Debug|Any CPU.ActiveCfg = Debug|Any CPU
		{1C94A539-F2C1-4F60-93B1-4512769019EA}.Debug|Any CPU.Build.0 = Debug|Any CPU
		{1C94A539-F2C1-4F60-93B1-4512769019EA}.Release|Any CPU.ActiveCfg = Release|Any CPU
		{1C94A539-F2C1-4F60-93B1-4512769019EA}.Release|Any CPU.Build.0 = Release|Any CPU
		{E8D05B98-B805-4A63-B681-B9CA7021431A}.Debug|Any CPU.ActiveCfg = Debug|Any CPU
		{E8D05B98-B805-4A63-B681-B9CA7021431A}.Debug|Any CPU.Build.0 = Debug|Any CPU
		{E8D05B98-B805-4A63-B681-B9CA7021431A}.Release|Any CPU.ActiveCfg = Release|Any CPU
		{E8D05B98-B805-4A63-B681-B9CA7021431A}.Release|Any CPU.Build.0 = Release|Any CPU
	EndGlobalSection
	GlobalSection(SolutionProperties) = preSolution
		HideSolutionNode = FALSE
	EndGlobalSection
	GlobalSection(ExtensibilityGlobals) = postSolution
		SolutionGuid = {C8E359F8-4C77-4B3E-8BA4-ED1AB873D823}
	EndGlobalSection
EndGlobal
