
Microsoft Visual Studio Solution File, Format Version 12.00
# Visual Studio Version 17
VisualStudioVersion = 17.8.34316.72
MinimumVisualStudioVersion = 10.0.40219.1
Project("{9A19103F-16F7-4668-BE54-9A1E7A4F7556}") = "Cobalt.Common.Data", "src\Cobalt.Common.Data\Cobalt.Common.Data.csproj", "{455D2138-06AB-4BFD-8119-63DB94F27377}"
EndProject
Project("{9A19103F-16F7-4668-BE54-9A1E7A4F7556}") = "Cobalt.Common.Util", "src\Cobalt.Common.Util\Cobalt.Common.Util.csproj", "{B7DA1B6D-77C2-453C-9ABB-5E2083AB218D}"
EndProject
Project("{9A19103F-16F7-4668-BE54-9A1E7A4F7556}") = "Cobalt.Tests", "src\Cobalt.Tests\Cobalt.Tests.csproj", "{3AB8DA83-6C38-4E09-9FDC-E4A5C7832A8B}"
EndProject
Project("{9A19103F-16F7-4668-BE54-9A1E7A4F7556}") = "Cobalt.Common.Infrastructure", "src\Cobalt.Common.Infrastructure\Cobalt.Common.Infrastructure.csproj", "{3E210359-8CF4-439B-AA59-014F6090F84D}"
EndProject
Project("{9A19103F-16F7-4668-BE54-9A1E7A4F7556}") = "Cobalt.Common.ViewModels", "src\Cobalt.Common.ViewModels\Cobalt.Common.ViewModels.csproj", "{203BE1A2-29A0-4FBF-AA4E-91A4971C5E11}"
EndProject
Project("{9A19103F-16F7-4668-BE54-9A1E7A4F7556}") = "Cobalt", "src\Cobalt\Cobalt.csproj", "{8F92329D-7403-448F-9B6E-0656BD95DBEA}"
EndProject
Project("{2150E333-8FDC-42A3-9474-1A3956D46DE8}") = "Solution Items", "Solution Items", "{E62217B5-04A7-4F1F-9BE8-0324EC387AF1}"
	ProjectSection(SolutionItems) = preProject
		.gitattributes = .gitattributes
		.gitignore = .gitignore
		dbg\appsettings.Debug.json = dbg\appsettings.Debug.json
		ARCHITECTURE.md = ARCHITECTURE.md
		LICENSE = LICENSE
		README.md = README.md
		dbg\seed.db = dbg\seed.db
	EndProjectSection
EndProject
Global
	GlobalSection(SolutionConfigurationPlatforms) = preSolution
		Debug|Any CPU = Debug|Any CPU
		Release|Any CPU = Release|Any CPU
	EndGlobalSection
	GlobalSection(ProjectConfigurationPlatforms) = postSolution
		{455D2138-06AB-4BFD-8119-63DB94F27377}.Debug|Any CPU.ActiveCfg = Debug|Any CPU
		{455D2138-06AB-4BFD-8119-63DB94F27377}.Debug|Any CPU.Build.0 = Debug|Any CPU
		{455D2138-06AB-4BFD-8119-63DB94F27377}.Release|Any CPU.ActiveCfg = Release|Any CPU
		{455D2138-06AB-4BFD-8119-63DB94F27377}.Release|Any CPU.Build.0 = Release|Any CPU
		{B7DA1B6D-77C2-453C-9ABB-5E2083AB218D}.Debug|Any CPU.ActiveCfg = Debug|Any CPU
		{B7DA1B6D-77C2-453C-9ABB-5E2083AB218D}.Debug|Any CPU.Build.0 = Debug|Any CPU
		{B7DA1B6D-77C2-453C-9ABB-5E2083AB218D}.Release|Any CPU.ActiveCfg = Release|Any CPU
		{B7DA1B6D-77C2-453C-9ABB-5E2083AB218D}.Release|Any CPU.Build.0 = Release|Any CPU
		{3AB8DA83-6C38-4E09-9FDC-E4A5C7832A8B}.Debug|Any CPU.ActiveCfg = Debug|Any CPU
		{3AB8DA83-6C38-4E09-9FDC-E4A5C7832A8B}.Debug|Any CPU.Build.0 = Debug|Any CPU
		{3AB8DA83-6C38-4E09-9FDC-E4A5C7832A8B}.Release|Any CPU.ActiveCfg = Release|Any CPU
		{3AB8DA83-6C38-4E09-9FDC-E4A5C7832A8B}.Release|Any CPU.Build.0 = Release|Any CPU
		{3E210359-8CF4-439B-AA59-014F6090F84D}.Debug|Any CPU.ActiveCfg = Debug|Any CPU
		{3E210359-8CF4-439B-AA59-014F6090F84D}.Debug|Any CPU.Build.0 = Debug|Any CPU
		{3E210359-8CF4-439B-AA59-014F6090F84D}.Release|Any CPU.ActiveCfg = Release|Any CPU
		{3E210359-8CF4-439B-AA59-014F6090F84D}.Release|Any CPU.Build.0 = Release|Any CPU
		{203BE1A2-29A0-4FBF-AA4E-91A4971C5E11}.Debug|Any CPU.ActiveCfg = Debug|Any CPU
		{203BE1A2-29A0-4FBF-AA4E-91A4971C5E11}.Debug|Any CPU.Build.0 = Debug|Any CPU
		{203BE1A2-29A0-4FBF-AA4E-91A4971C5E11}.Release|Any CPU.ActiveCfg = Release|Any CPU
		{203BE1A2-29A0-4FBF-AA4E-91A4971C5E11}.Release|Any CPU.Build.0 = Release|Any CPU
		{8F92329D-7403-448F-9B6E-0656BD95DBEA}.Debug|Any CPU.ActiveCfg = Debug|Any CPU
		{8F92329D-7403-448F-9B6E-0656BD95DBEA}.Debug|Any CPU.Build.0 = Debug|Any CPU
		{8F92329D-7403-448F-9B6E-0656BD95DBEA}.Release|Any CPU.ActiveCfg = Release|Any CPU
		{8F92329D-7403-448F-9B6E-0656BD95DBEA}.Release|Any CPU.Build.0 = Release|Any CPU
	EndGlobalSection
	GlobalSection(SolutionProperties) = preSolution
		HideSolutionNode = FALSE
	EndGlobalSection
	GlobalSection(ExtensibilityGlobals) = postSolution
		SolutionGuid = {6ACB9071-DC82-4B35-977C-D09BE2FE9156}
	EndGlobalSection
EndGlobal
